{
  "comfyui": {
    "repository": "https://github.com/Comfy-Org/ComfyUI.git",
    "ref": "v0.34.0",
    "resolved_commit": "12d5279438bfefc058a269eae805ceab6047777f"
  },
  "optional_multigpu_node": {
    "repository": "https://github.com/buqi-code/buqi-minimax-h3-multigpu.git",
    "ref": "main",
    "resolved_commit": "bce083929c135bdabd41679da3ddf6f409336ed3",
    "purpose": "Optional H3 sequence/head sharding in ComfyUI; not installed by default because the replicated DiT exceeds the T4 safety profile."
  },
  "context_loop": {
    "repository": "https://github.com/ethanfel/ComfyUI-MiniMaxH3-Context-Loop.git",
    "ref": "a8bb6c7b886312cc2821cd9959897d0088efdfe2",
    "resolved_commit": "a8bb6c7b886312cc2821cd9959897d0088efdfe2",
    "purpose": "Separate scene chaining, context propagation, checkpoint/review/recovery, and final assembly dependency; actual generation routes through KaggleH3ContextLoopSampler."
  },
  "obvpm": {
    "repository": "https://github.com/chanon/comfyui-obvpm.git",
    "ref": "cb03d4c6f7d4cc4496517b232db5654bebbc6f6c",
    "resolved_commit": "cb03d4c6f7d4cc4496517b232db5654bebbc6f6c",
    "purpose": "Separate workflow-layout dependency providing Bundle and Unbundle nodes used by the shipped H3 graphs."
  }
}
